
Microsoft Visual Studio Solution File, Format Version 12.00
# Visual Studio Version 16
VisualStudioVersion = 16.0.30611.23
MinimumVisualStudioVersion = 10.0.40219.1
Project("{FAE04EC0-301F-11D3-BF4B-00C04F79EFBC}") = "ReenbitTest2", "ReenbitTest2\ReenbitTest2.csproj", "{7984733C-050D-4F93-B740-D2EBAF8C6E11}"
EndProject
Global
	GlobalSection(SolutionConfigurationPlatforms) = preSolution
		Debug|Any CPU = Debug|Any CPU
		Release|Any CPU = Release|Any CPU
	EndGlobalSection
	GlobalSection(ProjectConfigurationPlatforms) = postSolution
		{7984733C-050D-4F93-B740-D2EBAF8C6E11}.Debug|Any CPU.ActiveCfg = Debug|Any CPU
		{7984733C-050D-4F93-B740-D2EBAF8C6E11}.Debug|Any CPU.Build.0 = Debug|Any CPU
		{7984733C-050D-4F93-B740-D2EBAF8C6E11}.Release|Any CPU.ActiveCfg = Release|Any CPU
		{7984733C-050D-4F93-B740-D2EBAF8C6E11}.Release|Any CPU.Build.0 = Release|Any CPU
	EndGlobalSection
	GlobalSection(SolutionProperties) = preSolution
		HideSolutionNode = FALSE
	EndGlobalSection
	GlobalSection(ExtensibilityGlobals) = postSolution
		SolutionGuid = {7C9A8880-D795-4A3A-BB35-E9D53FB82980}
	EndGlobalSection
EndGlobal
